// !$*UTF8*$!
{
	archiveVersion = 1;
	classes = {
	};
	objectVersion = 50;
	objects = {

/* Begin PBXBuildFile section */
		00E952C3FAA40EFA530AC212 /* libPods-DouYu.a in Frameworks */ = {isa = PBXBuildFile; fileRef = EE6A691C68A5BC5966AFB6A5 /* libPods-DouYu.a */; };
		491B767F230B9F6100225B73 /* AppDelegate.swift in Sources */ = {isa = PBXBuildFile; fileRef = 491B767E230B9F6100225B73 /* AppDelegate.swift */; };
		491B7686230B9F6200225B73 /* Assets.xcassets in Resources */ = {isa = PBXBuildFile; fileRef = 491B7685230B9F6200225B73 /* Assets.xcassets */; };
		491B76A1230BD51500225B73 /* MainViewController.swift in Sources */ = {isa = PBXBuildFile; fileRef = 491B76A0230BD51500225B73 /* MainViewController.swift */; };
		491B76A3230BD69000225B73 /* HomeViewController.swift in Sources */ = {isa = PBXBuildFile; fileRef = 491B76A2230BD69000225B73 /* HomeViewController.swift */; };
		491B76A5230BD69B00225B73 /* LiveViewController.swift in Sources */ = {isa = PBXBuildFile; fileRef = 491B76A4230BD69B00225B73 /* LiveViewController.swift */; };
		491B76A7230BD6A600225B73 /* FollowViewController.swift in Sources */ = {isa = PBXBuildFile; fileRef = 491B76A6230BD6A600225B73 /* FollowViewController.swift */; };
		491B76A9230BD6B100225B73 /* ProfileViewController.swift in Sources */ = {isa = PBXBuildFile; fileRef = 491B76A8230BD6B100225B73 /* ProfileViewController.swift */; };
		491B76AB230BDC1B00225B73 /* Main.storyboard in Resources */ = {isa = PBXBuildFile; fileRef = 491B76AA230BDC1B00225B73 /* Main.storyboard */; };
		491B76AD230BDDF400225B73 /* Home.storyboard in Resources */ = {isa = PBXBuildFile; fileRef = 491B76AC230BDDF400225B73 /* Home.storyboard */; };
		491B76AF230BDE1000225B73 /* Live.storyboard in Resources */ = {isa = PBXBuildFile; fileRef = 491B76AE230BDE1000225B73 /* Live.storyboard */; };
		491B76B1230BDE2200225B73 /* Follow.storyboard in Resources */ = {isa = PBXBuildFile; fileRef = 491B76B0230BDE2200225B73 /* Follow.storyboard */; };
		491B76B3230BDE3900225B73 /* Profile.storyboard in Resources */ = {isa = PBXBuildFile; fileRef = 491B76B2230BDE3900225B73 /* Profile.storyboard */; };
/* End PBXBuildFile section */

/* Begin PBXFileReference section */
		109E054D5F04188B64E7CA2D /* Pods-DouYu.debug.xcconfig */ = {isa = PBXFileReference; includeInIndex = 1; lastKnownFileType = text.xcconfig; name = "Pods-DouYu.debug.xcconfig"; path = "Pods/Target Support Files/Pods-DouYu/Pods-DouYu.debug.xcconfig"; sourceTree = "<group>"; };
		491B767B230B9F6100225B73 /* DouYu.app */ = {isa = PBXFileReference; explicitFileType = wrapper.application; includeInIndex = 0; path = DouYu.app; sourceTree = BUILT_PRODUCTS_DIR; };
		491B767E230B9F6100225B73 /* AppDelegate.swift */ = {isa = PBXFileReference; lastKnownFileType = sourcecode.swift; path = AppDelegate.swift; sourceTree = "<group>"; };
		491B7685230B9F6200225B73 /* Assets.xcassets */ = {isa = PBXFileReference; lastKnownFileType = folder.assetcatalog; path = Assets.xcassets; sourceTree = "<group>"; };
		491B768A230B9F6200225B73 /* Info.plist */ = {isa = PBXFileReference; lastKnownFileType = text.plist.xml; path = Info.plist; sourceTree = "<group>"; };
		491B76A0230BD51500225B73 /* MainViewController.swift */ = {isa = PBXFileReference; lastKnownFileType = sourcecode.swift; path = MainViewController.swift; sourceTree = "<group>"; };
		491B76A2230BD69000225B73 /* HomeViewController.swift */ = {isa = PBXFileReference; lastKnownFileType = sourcecode.swift; path = HomeViewController.swift; sourceTree = "<group>"; };
		491B76A4230BD69B00225B73 /* LiveViewController.swift */ = {isa = PBXFileReference; lastKnownFileType = sourcecode.swift; path = LiveViewController.swift; sourceTree = "<group>"; };
		491B76A6230BD6A600225B73 /* FollowViewController.swift */ = {isa = PBXFileReference; lastKnownFileType = sourcecode.swift; path = FollowViewController.swift; sourceTree = "<group>"; };
		491B76A8230BD6B100225B73 /* ProfileViewController.swift */ = {isa = PBXFileReference; lastKnownFileType = sourcecode.swift; path = ProfileViewController.swift; sourceTree = "<group>"; };
		491B76AA230BDC1B00225B73 /* Main.storyboard */ = {isa = PBXFileReference; lastKnownFileType = file.storyboard; path = Main.storyboard; sourceTree = "<group>"; };
		491B76AC230BDDF400225B73 /* Home.storyboard */ = {isa = PBXFileReference; fileEncoding = 4; lastKnownFileType = file.storyboard; path = Home.storyboard; sourceTree = "<group>"; };
		491B76AE230BDE1000225B73 /* Live.storyboard */ = {isa = PBXFileReference; fileEncoding = 4; lastKnownFileType = file.storyboard; path = Live.storyboard; sourceTree = "<group>"; };
		491B76B0230BDE2200225B73 /* Follow.storyboard */ = {isa = PBXFileReference; fileEncoding = 4; lastKnownFileType = file.storyboard; path = Follow.storyboard; sourceTree = "<group>"; };
		491B76B2230BDE3900225B73 /* Profile.storyboard */ = {isa = PBXFileReference; fileEncoding = 4; lastKnownFileType = file.storyboard; path = Profile.storyboard; sourceTree = "<group>"; };
		57CAC06143C228BAD2F090CB /* Pods-DouYu.release.xcconfig */ = {isa = PBXFileReference; includeInIndex = 1; lastKnownFileType = text.xcconfig; name = "Pods-DouYu.release.xcconfig"; path = "Pods/Target Support Files/Pods-DouYu/Pods-DouYu.release.xcconfig"; sourceTree = "<group>"; };
		EE6A691C68A5BC5966AFB6A5 /* libPods-DouYu.a */ = {isa = PBXFileReference; explicitFileType = archive.ar; includeInIndex = 0; path = "libPods-DouYu.a"; sourceTree = BUILT_PRODUCTS_DIR; };
/* End PBXFileReference section */

/* Begin PBXFrameworksBuildPhase section */
		491B7678230B9F6100225B73 /* Frameworks */ = {
			isa = PBXFrameworksBuildPhase;
			buildActionMask = 2147483647;
			files = (
				00E952C3FAA40EFA530AC212 /* libPods-DouYu.a in Frameworks */,
			);
			runOnlyForDeploymentPostprocessing = 0;
		};
/* End PBXFrameworksBuildPhase section */

/* Begin PBXGroup section */
		0B33C128348C49F54D5DE565 /* Frameworks */ = {
			isa = PBXGroup;
			children = (
				EE6A691C68A5BC5966AFB6A5 /* libPods-DouYu.a */,
			);
			name = Frameworks;
			sourceTree = "<group>";
		};
		491B7672230B9F6100225B73 = {
			isa = PBXGroup;
			children = (
				491B767D230B9F6100225B73 /* DouYu */,
				491B767C230B9F6100225B73 /* Products */,
				A9C568333D592F0EAC139007 /* Pods */,
				0B33C128348C49F54D5DE565 /* Frameworks */,
			);
			sourceTree = "<group>";
		};
		491B767C230B9F6100225B73 /* Products */ = {
			isa = PBXGroup;
			children = (
				491B767B230B9F6100225B73 /* DouYu.app */,
			);
			name = Products;
			sourceTree = "<group>";
		};
		491B767D230B9F6100225B73 /* DouYu */ = {
			isa = PBXGroup;
			children = (
				491B7690230BC7C400225B73 /* Classes */,
				491B767E230B9F6100225B73 /* AppDelegate.swift */,
				491B7685230B9F6200225B73 /* Assets.xcassets */,
				491B768A230B9F6200225B73 /* Info.plist */,
			);
			path = DouYu;
			sourceTree = "<group>";
		};
		491B7690230BC7C400225B73 /* Classes */ = {
			isa = PBXGroup;
			children = (
				491B7696230BC7C400225B73 /* Main */,
				491B7691230BC7C400225B73 /* Home */,
				491B7695230BC7C400225B73 /* Live */,
				491B7693230BC7C400225B73 /* Follow */,
				491B7694230BC7C400225B73 /* Profile */,
				491B7692230BC7C400225B73 /* Tools */,
			);
			path = Classes;
			sourceTree = "<group>";
		};
		491B7691230BC7C400225B73 /* Home */ = {
			isa = PBXGroup;
			children = (
				491B76BA230BE64900225B73 /* Model */,
				491B76B7230BE62200225B73 /* View */,
				491B76B5230BE60300225B73 /* Controller */,
			);
			path = Home;
			sourceTree = "<group>";
		};
		491B7692230BC7C400225B73 /* Tools */ = {
			isa = PBXGroup;
			children = (
			);
			path = Tools;
			sourceTree = "<group>";
		};
		491B7693230BC7C400225B73 /* Follow */ = {
			isa = PBXGroup;
			children = (
				491B76C9230BE72A00225B73 /* Model */,
				491B76C7230BE72400225B73 /* View */,
				491B76C5230BE71D00225B73 /* Controller */,
			);
			path = Follow;
			sourceTree = "<group>";
		};
		491B7694230BC7C400225B73 /* Profile */ = {
			isa = PBXGroup;
			children = (
				491B76CE230BE75F00225B73 /* Model */,
				491B76CD230BE75C00225B73 /* View */,
				491B76CA230BE74800225B73 /* Controller */,
			);
			path = Profile;
			sourceTree = "<group>";
		};
		491B7695230BC7C400225B73 /* Live */ = {
			isa = PBXGroup;
			children = (
				491B76C4230BE6AE00225B73 /* Model */,
				491B76C2230BE6A300225B73 /* View */,
				491B76BD230BE66900225B73 /* Controller */,
			);
			path = Live;
			sourceTree = "<group>";
		};
		491B7696230BC7C400225B73 /* Main */ = {
			isa = PBXGroup;
			children = (
				491B76A0230BD51500225B73 /* MainViewController.swift */,
				491B76AA230BDC1B00225B73 /* Main.storyboard */,
			);
			path = Main;
			sourceTree = "<group>";
		};
		491B76B5230BE60300225B73 /* Controller */ = {
			isa = PBXGroup;
			children = (
				491B76A2230BD69000225B73 /* HomeViewController.swift */,
				491B76AC230BDDF400225B73 /* Home.storyboard */,
			);
			name = Controller;
			sourceTree = "<group>";
		};
		491B76B7230BE62200225B73 /* View */ = {
			isa = PBXGroup;
			children = (
			);
			name = View;
			sourceTree = "<group>";
		};
		491B76BA230BE64900225B73 /* Model */ = {
			isa = PBXGroup;
			children = (
			);
			name = Model;
			sourceTree = "<group>";
		};
		491B76BD230BE66900225B73 /* Controller */ = {
			isa = PBXGroup;
			children = (
				491B76A4230BD69B00225B73 /* LiveViewController.swift */,
				491B76AE230BDE1000225B73 /* Live.storyboard */,
			);
			name = Controller;
			sourceTree = "<group>";
		};
		491B76C2230BE6A300225B73 /* View */ = {
			isa = PBXGroup;
			children = (
			);
			name = View;
			sourceTree = "<group>";
		};
		491B76C4230BE6AE00225B73 /* Model */ = {
			isa = PBXGroup;
			children = (
			);
			name = Model;
			sourceTree = "<group>";
		};
		491B76C5230BE71D00225B73 /* Controller */ = {
			isa = PBXGroup;
			children = (
				491B76A6230BD6A600225B73 /* FollowViewController.swift */,
				491B76B0230BDE2200225B73 /* Follow.storyboard */,
			);
			name = Controller;
			sourceTree = "<group>";
		};
		491B76C7230BE72400225B73 /* View */ = {
			isa = PBXGroup;
			children = (
			);
			name = View;
			sourceTree = "<group>";
		};
		491B76C9230BE72A00225B73 /* Model */ = {
			isa = PBXGroup;
			children = (
			);
			name = Model;
			sourceTree = "<group>";
		};
		491B76CA230BE74800225B73 /* Controller */ = {
			isa = PBXGroup;
			children = (
				491B76A8230BD6B100225B73 /* ProfileViewController.swift */,
				491B76B2230BDE3900225B73 /* Profile.storyboard */,
			);
			name = Controller;
			sourceTree = "<group>";
		};
		491B76CD230BE75C00225B73 /* View */ = {
			isa = PBXGroup;
			children = (
			);
			name = View;
			sourceTree = "<group>";
		};
		491B76CE230BE75F00225B73 /* Model */ = {
			isa = PBXGroup;
			children = (
			);
			name = Model;
			sourceTree = "<group>";
		};
		A9C568333D592F0EAC139007 /* Pods */ = {
			isa = PBXGroup;
			children = (
				109E054D5F04188B64E7CA2D /* Pods-DouYu.debug.xcconfig */,
				57CAC06143C228BAD2F090CB /* Pods-DouYu.release.xcconfig */,
			);
			name = Pods;
			sourceTree = "<group>";
		};
/* End PBXGroup section */

/* Begin PBXNativeTarget section */
		491B767A230B9F6100225B73 /* DouYu */ = {
			isa = PBXNativeTarget;
			buildConfigurationList = 491B768D230B9F6200225B73 /* Build configuration list for PBXNativeTarget "DouYu" */;
			buildPhases = (
				0CA46DEA02951E6D5F08F9F8 /* [CP] Check Pods Manifest.lock */,
				491B7677230B9F6100225B73 /* Sources */,
				491B7678230B9F6100225B73 /* Frameworks */,
				491B7679230B9F6100225B73 /* Resources */,
			);
			buildRules = (
			);
			dependencies = (
			);
			name = DouYu;
			productName = DouYu;
			productReference = 491B767B230B9F6100225B73 /* DouYu.app */;
			productType = "com.apple.product-type.application";
		};
/* End PBXNativeTarget section */

/* Begin PBXProject section */
		491B7673230B9F6100225B73 /* Project object */ = {
			isa = PBXProject;
			attributes = {
				LastSwiftUpdateCheck = 1030;
				LastUpgradeCheck = 1030;
				ORGANIZATIONNAME = "Wuhan Xueyetong Big Data  Institute Co. Ltd";
				TargetAttributes = {
					491B767A230B9F6100225B73 = {
						CreatedOnToolsVersion = 10.3;
					};
				};
			};
			buildConfigurationList = 491B7676230B9F6100225B73 /* Build configuration list for PBXProject "DouYu" */;
			compatibilityVersion = "Xcode 9.3";
			developmentRegion = en;
			hasScannedForEncodings = 0;
			knownRegions = (
				en,
				Base,
			);
			mainGroup = 491B7672230B9F6100225B73;
			productRefGroup = 491B767C230B9F6100225B73 /* Products */;
			projectDirPath = "";
			projectRoot = "";
			targets = (
				491B767A230B9F6100225B73 /* DouYu */,
			);
		};
/* End PBXProject section */

/* Begin PBXResourcesBuildPhase section */
		491B7679230B9F6100225B73 /* Resources */ = {
			isa = PBXResourcesBuildPhase;
			buildActionMask = 2147483647;
			files = (
				491B76B3230BDE3900225B73 /* Profile.storyboard in Resources */,
				491B76B1230BDE2200225B73 /* Follow.storyboard in Resources */,
				491B76AD230BDDF400225B73 /* Home.storyboard in Resources */,
				491B7686230B9F6200225B73 /* Assets.xcassets in Resources */,
				491B76AF230BDE1000225B73 /* Live.storyboard in Resources */,
				491B76AB230BDC1B00225B73 /* Main.storyboard in Resources */,
			);
			runOnlyForDeploymentPostprocessing = 0;
		};
/* End PBXResourcesBuildPhase section */

/* Begin PBXShellScriptBuildPhase section */
		0CA46DEA02951E6D5F08F9F8 /* [CP] Check Pods Manifest.lock */ = {
			isa = PBXShellScriptBuildPhase;
			buildActionMask = 2147483647;
			files = (
			);
			inputPaths = (
				"${PODS_PODFILE_DIR_PATH}/Podfile.lock",
				"${PODS_ROOT}/Manifest.lock",
			);
			name = "[CP] Check Pods Manifest.lock";
			outputPaths = (
				"$(DERIVED_FILE_DIR)/Pods-DouYu-checkManifestLockResult.txt",
			);
			runOnlyForDeploymentPostprocessing = 0;
			shellPath = /bin/sh;
			shellScript = "diff \"${PODS_PODFILE_DIR_PATH}/Podfile.lock\" \"${PODS_ROOT}/Manifest.lock\" > /dev/null\nif [ $? != 0 ] ; then\n    # print error to STDERR\n    echo \"error: The sandbox is not in sync with the Podfile.lock. Run 'pod install' or update your CocoaPods installation.\" >&2\n    exit 1\nfi\n# This output is used by Xcode 'outputs' to avoid re-running this script phase.\necho \"SUCCESS\" > \"${SCRIPT_OUTPUT_FILE_0}\"\n";
			showEnvVarsInLog = 0;
		};
/* End PBXShellScriptBuildPhase section */

/* Begin PBXSourcesBuildPhase section */
		491B7677230B9F6100225B73 /* Sources */ = {
			isa = PBXSourcesBuildPhase;
			buildActionMask = 2147483647;
			files = (
				491B76A9230BD6B100225B73 /* ProfileViewController.swift in Sources */,
				491B767F230B9F6100225B73 /* AppDelegate.swift in Sources */,
				491B76A1230BD51500225B73 /* MainViewController.swift in Sources */,
				491B76A7230BD6A600225B73 /* FollowViewController.swift in Sources */,
				491B76A5230BD69B00225B73 /* LiveViewController.swift in Sources */,
				491B76A3230BD69000225B73 /* HomeViewController.swift in Sources */,
			);
			runOnlyForDeploymentPostprocessing = 0;
		};
/* End PBXSourcesBuildPhase section */

/* Begin XCBuildConfiguration section */
		491B768B230B9F6200225B73 /* Debug */ = {
			isa = XCBuildConfiguration;
			buildSettings = {
				ALWAYS_SEARCH_USER_PATHS = NO;
				CLANG_ANALYZER_NONNULL = YES;
				CLANG_ANALYZER_NUMBER_OBJECT_CONVERSION = YES_AGGRESSIVE;
				CLANG_CXX_LANGUAGE_STANDARD = "gnu++14";
				CLANG_CXX_LIBRARY = "libc++";
				CLANG_ENABLE_MODULES = YES;
				CLANG_ENABLE_OBJC_ARC = YES;
				CLANG_ENABLE_OBJC_WEAK = YES;
				CLANG_WARN_BLOCK_CAPTURE_AUTORELEASING = YES;
				CLANG_WARN_BOOL_CONVERSION = YES;
				CLANG_WARN_COMMA = YES;
				CLANG_WARN_CONSTANT_CONVERSION = YES;
				CLANG_WARN_DEPRECATED_OBJC_IMPLEMENTATIONS = YES;
				CLANG_WARN_DIRECT_OBJC_ISA_USAGE = YES_ERROR;
				CLANG_WARN_DOCUMENTATION_COMMENTS = YES;
				CLANG_WARN_EMPTY_BODY = YES;
				CLANG_WARN_ENUM_CONVERSION = YES;
				CLANG_WARN_INFINITE_RECURSION = YES;
				CLANG_WARN_INT_CONVERSION = YES;
				CLANG_WARN_NON_LITERAL_NULL_CONVERSION = YES;
				CLANG_WARN_OBJC_IMPLICIT_RETAIN_SELF = YES;
				CLANG_WARN_OBJC_LITERAL_CONVERSION = YES;
				CLANG_WARN_OBJC_ROOT_CLASS = YES_ERROR;
				CLANG_WARN_RANGE_LOOP_ANALYSIS = YES;
				CLANG_WARN_STRICT_PROTOTYPES = YES;
				CLANG_WARN_SUSPICIOUS_MOVE = YES;
				CLANG_WARN_UNGUARDED_AVAILABILITY = YES_AGGRESSIVE;
				CLANG_WARN_UNREACHABLE_CODE = YES;
				CLANG_WARN__DUPLICATE_METHOD_MATCH = YES;
				CODE_SIGN_IDENTITY = "iPhone Developer";
				COPY_PHASE_STRIP = NO;
				DEBUG_INFORMATION_FORMAT = dwarf;
				ENABLE_STRICT_OBJC_MSGSEND = YES;
				ENABLE_TESTABILITY = YES;
				GCC_C_LANGUAGE_STANDARD = gnu11;
				GCC_DYNAMIC_NO_PIC = NO;
				GCC_NO_COMMON_BLOCKS = YES;
				GCC_OPTIMIZATION_LEVEL = 0;
				GCC_PREPROCESSOR_DEFINITIONS = (
					"DEBUG=1",
					"$(inherited)",
				);
				GCC_WARN_64_TO_32_BIT_CONVERSION = YES;
				GCC_WARN_ABOUT_RETURN_TYPE = YES_ERROR;
				GCC_WARN_UNDECLARED_SELECTOR = YES;
				GCC_WARN_UNINITIALIZED_AUTOS = YES_AGGRESSIVE;
				GCC_WARN_UNUSED_FUNCTION = YES;
				GCC_WARN_UNUSED_VARIABLE = YES;
				IPHONEOS_DEPLOYMENT_TARGET = 11.0;
				MTL_ENABLE_DEBUG_INFO = INCLUDE_SOURCE;
				MTL_FAST_MATH = YES;
				ONLY_ACTIVE_ARCH = YES;
				SDKROOT = iphoneos;
				SWIFT_ACTIVE_COMPILATION_CONDITIONS = DEBUG;
				SWIFT_OPTIMIZATION_LEVEL = "-Onone";
			};
			name = Debug;
		};
		491B768C230B9F6200225B73 /* Release */ = {
			isa = XCBuildConfiguration;
			buildSettings = {
				ALWAYS_SEARCH_USER_PATHS = NO;
				CLANG_ANALYZER_NONNULL = YES;
				CLANG_ANALYZER_NUMBER_OBJECT_CONVERSION = YES_AGGRESSIVE;
				CLANG_CXX_LANGUAGE_STANDARD = "gnu++14";
				CLANG_CXX_LIBRARY = "libc++";
				CLANG_ENABLE_MODULES = YES;
				CLANG_ENABLE_OBJC_ARC = YES;
				CLANG_ENABLE_OBJC_WEAK = YES;
				CLANG_WARN_BLOCK_CAPTURE_AUTORELEASING = YES;
				CLANG_WARN_BOOL_CONVERSION = YES;
				CLANG_WARN_COMMA = YES;
				CLANG_WARN_CONSTANT_CONVERSION = YES;
				CLANG_WARN_DEPRECATED_OBJC_IMPLEMENTATIONS = YES;
				CLANG_WARN_DIRECT_OBJC_ISA_USAGE = YES_ERROR;
				CLANG_WARN_DOCUMENTATION_COMMENTS = YES;
				CLANG_WARN_EMPTY_BODY = YES;
				CLANG_WARN_ENUM_CONVERSION = YES;
				CLANG_WARN_INFINITE_RECURSION = YES;
				CLANG_WARN_INT_CONVERSION = YES;
				CLANG_WARN_NON_LITERAL_NULL_CONVERSION = YES;
				CLANG_WARN_OBJC_IMPLICIT_RETAIN_SELF = YES;
				CLANG_WARN_OBJC_LITERAL_CONVERSION = YES;
				CLANG_WARN_OBJC_ROOT_CLASS = YES_ERROR;
				CLANG_WARN_RANGE_LOOP_ANALYSIS = YES;
				CLANG_WARN_STRICT_PROTOTYPES = YES;
				CLANG_WARN_SUSPICIOUS_MOVE = YES;
				CLANG_WARN_UNGUARDED_AVAILABILITY = YES_AGGRESSIVE;
				CLANG_WARN_UNREACHABLE_CODE = YES;
				CLANG_WARN__DUPLICATE_METHOD_MATCH = YES;
				CODE_SIGN_IDENTITY = "iPhone Developer";
				COPY_PHASE_STRIP = NO;
				DEBUG_INFORMATION_FORMAT = "dwarf-with-dsym";
				ENABLE_NS_ASSERTIONS = NO;
				ENABLE_STRICT_OBJC_MSGSEND = YES;
				GCC_C_LANGUAGE_STANDARD = gnu11;
				GCC_NO_COMMON_BLOCKS = YES;
				GCC_WARN_64_TO_32_BIT_CONVERSION = YES;
				GCC_WARN_ABOUT_RETURN_TYPE = YES_ERROR;
				GCC_WARN_UNDECLARED_SELECTOR = YES;
				GCC_WARN_UNINITIALIZED_AUTOS = YES_AGGRESSIVE;
				GCC_WARN_UNUSED_FUNCTION = YES;
				GCC_WARN_UNUSED_VARIABLE = YES;
				IPHONEOS_DEPLOYMENT_TARGET = 11.0;
				MTL_ENABLE_DEBUG_INFO = NO;
				MTL_FAST_MATH = YES;
				SDKROOT = iphoneos;
				SWIFT_COMPILATION_MODE = wholemodule;
				SWIFT_OPTIMIZATION_LEVEL = "-O";
				VALIDATE_PRODUCT = YES;
			};
			name = Release;
		};
		491B768E230B9F6200225B73 /* Debug */ = {
			isa = XCBuildConfiguration;
			baseConfigurationReference = 109E054D5F04188B64E7CA2D /* Pods-DouYu.debug.xcconfig */;
			buildSettings = {
				ASSETCATALOG_COMPILER_APPICON_NAME = AppIcon;
				ASSETCATALOG_COMPILER_LAUNCHIMAGE_NAME = LaunchImage;
				CODE_SIGN_IDENTITY = "iPhone Developer";
				CODE_SIGN_STYLE = Automatic;
				DEVELOPMENT_TEAM = "";
				INFOPLIST_FILE = DouYu/Info.plist;
				IPHONEOS_DEPLOYMENT_TARGET = 11.0;
				LD_RUNPATH_SEARCH_PATHS = (
					"$(inherited)",
					"@executable_path/Frameworks",
				);
				PRODUCT_BUNDLE_IDENTIFIER = com.xytwh.DouYu;
				PRODUCT_NAME = "$(TARGET_NAME)";
				PROVISIONING_PROFILE_SPECIFIER = "";
				SWIFT_VERSION = 5.0;
				TARGETED_DEVICE_FAMILY = "1,2";
			};
			name = Debug;
		};
		491B768F230B9F6200225B73 /* Release */ = {
			isa = XCBuildConfiguration;
			baseConfigurationReference = 57CAC06143C228BAD2F090CB /* Pods-DouYu.release.xcconfig */;
			buildSettings = {
				ASSETCATALOG_COMPILER_APPICON_NAME = AppIcon;
				ASSETCATALOG_COMPILER_LAUNCHIMAGE_NAME = LaunchImage;
				CODE_SIGN_IDENTITY = "iPhone Developer";
				CODE_SIGN_STYLE = Automatic;
				DEVELOPMENT_TEAM = "";
				INFOPLIST_FILE = DouYu/Info.plist;
				IPHONEOS_DEPLOYMENT_TARGET = 11.0;
				LD_RUNPATH_SEARCH_PATHS = (
					"$(inherited)",
					"@executable_path/Frameworks",
				);
				PRODUCT_BUNDLE_IDENTIFIER = com.xytwh.DouYu;
				PRODUCT_NAME = "$(TARGET_NAME)";
				PROVISIONING_PROFILE_SPECIFIER = "";
				SWIFT_VERSION = 5.0;
				TARGETED_DEVICE_FAMILY = "1,2";
			};
			name = Release;
		};
/* End XCBuildConfiguration section */

/* Begin XCConfigurationList section */
		491B7676230B9F6100225B73 /* Build configuration list for PBXProject "DouYu" */ = {
			isa = XCConfigurationList;
			buildConfigurations = (
				491B768B230B9F6200225B73 /* Debug */,
				491B768C230B9F6200225B73 /* Release */,
			);
			defaultConfigurationIsVisible = 0;
			defaultConfigurationName = Release;
		};
		491B768D230B9F6200225B73 /* Build configuration list for PBXNativeTarget "DouYu" */ = {
			isa = XCConfigurationList;
			buildConfigurations = (
				491B768E230B9F6200225B73 /* Debug */,
				491B768F230B9F6200225B73 /* Release */,
			);
			defaultConfigurationIsVisible = 0;
			defaultConfigurationName = Release;
		};
/* End XCConfigurationList section */
	};
	rootObject = 491B7673230B9F6100225B73 /* Project object */;
}
